
Microsoft Visual Studio Solution File, Format Version 12.00
# Visual Studio Version 17
VisualStudioVersion = 17.9.34622.214
MinimumVisualStudioVersion = 10.0.40219.1
Project("{FAE04EC0-301F-11D3-BF4B-00C04F79EFBC}") = "Ihza_T1", "Ihza_T1\Ihza_T1.csproj", "{E1E908BD-10BA-4D6A-8D23-EA7F3BB3A697}"
EndProject
Global
	GlobalSection(SolutionConfigurationPlatforms) = preSolution
		Debug|Any CPU = Debug|Any CPU
		Release|Any CPU = Release|Any CPU
	EndGlobalSection
	GlobalSection(ProjectConfigurationPlatforms) = postSolution
		{E1E908BD-10BA-4D6A-8D23-EA7F3BB3A697}.Debug|Any CPU.ActiveCfg = Debug|Any CPU
		{E1E908BD-10BA-4D6A-8D23-EA7F3BB3A697}.Debug|Any CPU.Build.0 = Debug|Any CPU
		{E1E908BD-10BA-4D6A-8D23-EA7F3BB3A697}.Release|Any CPU.ActiveCfg = Release|Any CPU
		{E1E908BD-10BA-4D6A-8D23-EA7F3BB3A697}.Release|Any CPU.Build.0 = Release|Any CPU
	EndGlobalSection
	GlobalSection(SolutionProperties) = preSolution
		HideSolutionNode = FALSE
	EndGlobalSection
	GlobalSection(ExtensibilityGlobals) = postSolution
		SolutionGuid = {F2CE4B6B-3A27-4006-A273-477963210EFB}
	EndGlobalSection
EndGlobal
